
Microsoft Visual Studio Solution File, Format Version 12.00
# Visual Studio Version 16
VisualStudioVersion = 16.0.29418.71
MinimumVisualStudioVersion = 10.0.40219.1
Project("{FAE04EC0-301F-11D3-BF4B-00C04F79EFBC}") = "Azure", "Azure.csproj", "{581109CC-FAAF-45EE-8DCB-9E0D07DC0D49}"
EndProject
Global
	GlobalSection(SolutionConfigurationPlatforms) = preSolution
		Debug|Any CPU = Debug|Any CPU
		Release|Any CPU = Release|Any CPU
	EndGlobalSection
	GlobalSection(ProjectConfigurationPlatforms) = postSolution
		{581109CC-FAAF-45EE-8DCB-9E0D07DC0D49}.Debug|Any CPU.ActiveCfg = Debug|Any CPU
		{581109CC-FAAF-45EE-8DCB-9E0D07DC0D49}.Debug|Any CPU.Build.0 = Debug|Any CPU
		{581109CC-FAAF-45EE-8DCB-9E0D07DC0D49}.Release|Any CPU.ActiveCfg = Release|Any CPU
		{581109CC-FAAF-45EE-8DCB-9E0D07DC0D49}.Release|Any CPU.Build.0 = Release|Any CPU
	EndGlobalSection
	GlobalSection(SolutionProperties) = preSolution
		HideSolutionNode = FALSE
	EndGlobalSection
	GlobalSection(ExtensibilityGlobals) = postSolution
		SolutionGuid = {E4C259A2-E7DE-4CFC-A25A-86ABBF6E4694}
	EndGlobalSection
EndGlobal
